{
    "_readme": [
        "This file locks the dependencies of your project to a known state",
        "Read more about it at https://getcomposer.org/doc/01-basic-usage.md#installing-dependencies",
        "This file is @generated automatically"
    ],
    "content-hash": "a0c922ebf20e49d6a46dd5b11a30cb6c",
    "packages": [
        {
            "name": "benhall14/php-calendar",
            "version": "1.2",
            "source": {
                "type": "git",
                "url": "https://github.com/benhall14/php-calendar.git",
                "reference": "5dbf8e63b0778c0d7549ee4d935d2627b850319f"
            },
            "dist": {
                "type": "zip",
                "url": "https://api.github.com/repos/benhall14/php-calendar/zipball/5dbf8e63b0778c0d7549ee4d935d2627b850319f",
                "reference": "5dbf8e63b0778c0d7549ee4d935d2627b850319f",
                "shasum": ""
            },
            "require": {
                "php": ">=5.3"
            },
            "type": "library",
            "autoload": {
                "psr-4": {
                    "benhall14\\": "src/"
                }
            },
            "notification-url": "https://packagist.org/downloads/",
            "license": [
                "MIT"
            ],
            "authors": [
                {
                    "name": "Benjamin Hall",
                    "email": "ben@conobe.co.uk",
                    "homepage": "https://github.com/benhall14",
                    "role": "Developer"
                }
            ],
            "description": "A simple PHP class to generate calendars.",
            "homepage": "https://github.com/benhall14/php-calendar",
            "keywords": [
                "calendar",
                "calendars",
                "date",
                "time"
            ],
            "support": {
                "issues": "https://github.com/benhall14/php-calendar/issues",
                "source": "https://github.com/benhall14/php-calendar/tree/1.2"
            },
            "time": "2019-08-07T17:36:24+00:00"
        },
        {
            "name": "firebase/php-jwt",
            "version": "v5.2.1",
            "source": {
                "type": "git",
                "url": "https://github.com/firebase/php-jwt.git",
                "reference": "f42c9110abe98dd6cfe9053c49bc86acc70b2d23"
            },
            "dist": {
                "type": "zip",
                "url": "https://api.github.com/repos/firebase/php-jwt/zipball/f42c9110abe98dd6cfe9053c49bc86acc70b2d23",
                "reference": "f42c9110abe98dd6cfe9053c49bc86acc70b2d23",
                "shasum": ""
            },
            "require": {
                "php": ">=5.3.0"
            },
            "require-dev": {
                "phpunit/phpunit": ">=4.8 <=9"
            },
            "type": "library",
            "autoload": {
                "psr-4": {
                    "Firebase\\JWT\\": "src"
                }
            },
            "notification-url": "https://packagist.org/downloads/",
            "license": [
                "BSD-3-Clause"
            ],
            "authors": [
                {
                    "name": "Neuman Vong",
                    "email": "neuman+pear@twilio.com",
                    "role": "Developer"
                },
                {
                    "name": "Anant Narayanan",
                    "email": "anant@php.net",
                    "role": "Developer"
                }
            ],
            "description": "A simple library to encode and decode JSON Web Tokens (JWT) in PHP. Should conform to the current spec.",
            "homepage": "https://github.com/firebase/php-jwt",
            "keywords": [
                "jwt",
                "php"
            ],
            "support": {
                "issues": "https://github.com/firebase/php-jwt/issues",
                "source": "https://github.com/firebase/php-jwt/tree/v5.2.1"
            },
            "time": "2021-02-12T00:02:00+00:00"
        }
    ],
    "packages-dev": [],
    "aliases": [],
    "minimum-stability": "stable",
    "stability-flags": [],
    "prefer-stable": false,
    "prefer-lowest": false,
    "platform": [],
    "platform-dev": [],
    "plugin-api-version": "2.0.0"
}
